
Microsoft Visual Studio Solution File, Format Version 12.00
# Visual Studio Version 17
VisualStudioVersion = 17.3.32901.215
MinimumVisualStudioVersion = 10.0.40219.1
Project("{FAE04EC0-301F-11D3-BF4B-00C04F79EFBC}") = "basit toplama uyugulma", "basit toplama uyugulma\basit toplama uyugulma.csproj", "{080A1626-000E-449F-AA7D-C380030077EE}"
EndProject
Global
	GlobalSection(SolutionConfigurationPlatforms) = preSolution
		Debug|Any CPU = Debug|Any CPU
		Release|Any CPU = Release|Any CPU
	EndGlobalSection
	GlobalSection(ProjectConfigurationPlatforms) = postSolution
		{080A1626-000E-449F-AA7D-C380030077EE}.Debug|Any CPU.ActiveCfg = Debug|Any CPU
		{080A1626-000E-449F-AA7D-C380030077EE}.Debug|Any CPU.Build.0 = Debug|Any CPU
		{080A1626-000E-449F-AA7D-C380030077EE}.Release|Any CPU.ActiveCfg = Release|Any CPU
		{080A1626-000E-449F-AA7D-C380030077EE}.Release|Any CPU.Build.0 = Release|Any CPU
	EndGlobalSection
	GlobalSection(SolutionProperties) = preSolution
		HideSolutionNode = FALSE
	EndGlobalSection
	GlobalSection(ExtensibilityGlobals) = postSolution
		SolutionGuid = {A54B27C5-7748-47A8-9A7D-1BD5B61680A4}
	EndGlobalSection
EndGlobal
